%{
  "castore": {:hex, :castore, "0.1.22", "4127549e411bedd012ca3a308dede574f43819fe9394254ca55ab4895abfa1a2", [:mix], [], "hexpm", "c17576df47eb5aa1ee40cc4134316a99f5cad3e215d5c77b8dd3cfef12a22cac"},
  "elixir_make": {:hex, :elixir_make, "0.7.3", "c37fdae1b52d2cc51069713a58c2314877c1ad40800a57efb213f77b078a460d", [:mix], [{:castore, "~> 0.1", [hex: :castore, repo: "hexpm", optional: true]}], "hexpm", "24ada3e3996adbed1fa024ca14995ef2ba3d0d17b678b0f3f2b1f66e6ce2b274"},
  "nerves": {:hex, :nerves, "1.9.1", "09cfd3589af81c4b1ac35179aee5f6d94bde36548a905c2d4d4efa9ff311222e", [:make, :mix], [{:castore, "~> 0.1", [hex: :castore, repo: "hexpm", optional: false]}, {:elixir_make, "~> 0.6", [hex: :elixir_make, repo: "hexpm", optional: false]}, {:jason, "~> 1.2", [hex: :jason, repo: "hexpm", optional: true]}], "hexpm", "011409116923e1dbab250a6dc241ab529790163233c44e374ff352af72d09a56"},
  "nerves_system_br": {:hex, :nerves_system_br, "1.20.6", "6622ee4230e968a95716105518bbd7ef569ac82b44e9114cf6a78a1ddca65455", [:mix], [], "hexpm", "ca187a129288156a1e5fb4f34d393aeddb7580091f41aefb82dbed6a4e378748"},
  "nerves_toolchain_aarch64_nerves_linux_gnu": {:hex, :nerves_toolchain_aarch64_nerves_linux_gnu, "1.6.1", "2ddc1aecb55b55e1cf18b7252b8074418c1b7dd5497e1e6a167b5a9fb40955a9", [:mix], [{:nerves, "~> 1.4", [hex: :nerves, repo: "hexpm", optional: false]}, {:nerves_toolchain_ctng, "~> 1.9.0", [hex: :nerves_toolchain_ctng, repo: "hexpm", optional: false]}], "hexpm", "57ed1c2df89c7425aadfb18c8e7da6b9d1be9ffeafa1d54061cc8abe6e5e0e4c"},
  "nerves_toolchain_armv7_nerves_linux_gnueabihf": {:hex, :nerves_toolchain_armv7_nerves_linux_gnueabihf, "1.6.1", "4014bc32142ef980e39af90e1377747095f3f3f8517e41815a23638ef1711702", [:mix], [{:nerves, "~> 1.0", [hex: :nerves, repo: "hexpm", optional: false]}, {:nerves_toolchain_ctng, "~> 1.9.0", [hex: :nerves_toolchain_ctng, repo: "hexpm", optional: false]}], "hexpm", "20a529ce1ab54677f121ac97333cc6b7c32f75ebb4b83cee7e0934867d61bbb5"},
  "nerves_toolchain_ctng": {:hex, :nerves_toolchain_ctng, "1.9.3", "60e87fde05988c4264babc8d68a9221c7b8fe5dc195b7d1526f29b8e626c735c", [:mix], [{:nerves, "~> 1.0", [hex: :nerves, repo: "hexpm", optional: false]}], "hexpm", "2b6edb0687b7f78d3fa49958d759f647e351b23c1f59f637c617a6dc179994ae"},
  "zoneinfo": {:hex, :zoneinfo, "0.1.5", "e2487feadd7ba04a2bb74f84717aeb281dfe875bc1abb63169b9304707731543", [:mix], [], "hexpm", "45ee6f9860d1d5a2fbd7c297c18487c74429fd59238f2782104e2c27a7154e12"},
}
